
Microsoft Visual Studio Solution File, Format Version 12.00
# Visual Studio Version 17
VisualStudioVersion = 17.7.34031.279
MinimumVisualStudioVersion = 10.0.40219.1
Project("{FAE04EC0-301F-11D3-BF4B-00C04F79EFBC}") = "Video_Musical_Player", "Video_Musical_Player\Video_Musical_Player.csproj", "{5575F7B1-ECCE-4F11-B41F-ABA2F0373F32}"
EndProject
Global
	GlobalSection(SolutionConfigurationPlatforms) = preSolution
		Debug|Any CPU = Debug|Any CPU
		Release|Any CPU = Release|Any CPU
	EndGlobalSection
	GlobalSection(ProjectConfigurationPlatforms) = postSolution
		{5575F7B1-ECCE-4F11-B41F-ABA2F0373F32}.Debug|Any CPU.ActiveCfg = Debug|Any CPU
		{5575F7B1-ECCE-4F11-B41F-ABA2F0373F32}.Debug|Any CPU.Build.0 = Debug|Any CPU
		{5575F7B1-ECCE-4F11-B41F-ABA2F0373F32}.Release|Any CPU.ActiveCfg = Release|Any CPU
		{5575F7B1-ECCE-4F11-B41F-ABA2F0373F32}.Release|Any CPU.Build.0 = Release|Any CPU
	EndGlobalSection
	GlobalSection(SolutionProperties) = preSolution
		HideSolutionNode = FALSE
	EndGlobalSection
	GlobalSection(ExtensibilityGlobals) = postSolution
		SolutionGuid = {38CA33D2-1714-42CE-9D9B-843EF7505C14}
	EndGlobalSection
EndGlobal
